
Microsoft Visual Studio Solution File, Format Version 12.00
# Visual Studio 14
VisualStudioVersion = 14.0.25420.1
MinimumVisualStudioVersion = 10.0.40219.1
Project("{2150E333-8FDC-42A3-9474-1A3956D46DE8}") = "src", "src", "{47F09CB0-E97B-4B28-85D3-350B0EB0E2DF}"
EndProject
Project("{2150E333-8FDC-42A3-9474-1A3956D46DE8}") = "Solution Items", "Solution Items", "{1BCE7835-8C4D-4DEA-8857-C80220E9FCE5}"
	ProjectSection(SolutionItems) = preProject
		global.json = global.json
	EndProjectSection
EndProject
Project("{8BB2217D-0F2D-49D1-97BC-3654ED321F3B}") = "Vigil.Domain", "src\Vigil.Domain\Vigil.Domain.xproj", "{4D4201AE-EE12-4C64-B564-C998CF6B95B3}"
EndProject
Project("{8BB2217D-0F2D-49D1-97BC-3654ED321F3B}") = "Vigil.Patrons", "src\Vigil.Patrons\Vigil.Patrons.xproj", "{011ED013-B5C6-478A-B16F-5A4FA3327AC2}"
EndProject
Project("{8BB2217D-0F2D-49D1-97BC-3654ED321F3B}") = "Vigil.Patrons.Tests", "test\Vigil.Patrons.Tests\Vigil.Patrons.Tests.xproj", "{919FCA07-206A-4156-B967-1373B6BCD406}"
EndProject
Project("{2150E333-8FDC-42A3-9474-1A3956D46DE8}") = "test", "test", "{751A1922-5CE9-4792-8D66-1B1A042D53F9}"
EndProject
Project("{8BB2217D-0F2D-49D1-97BC-3654ED321F3B}") = "Vigil.Domain.Tests", "test\Vigil.Domain.Tests\Vigil.Domain.Tests.xproj", "{912C0DAF-C955-4E22-A029-2BACB37F1DCE}"
EndProject
Global
	GlobalSection(SolutionConfigurationPlatforms) = preSolution
		Debug|Any CPU = Debug|Any CPU
		Release|Any CPU = Release|Any CPU
	EndGlobalSection
	GlobalSection(ProjectConfigurationPlatforms) = postSolution
		{4D4201AE-EE12-4C64-B564-C998CF6B95B3}.Debug|Any CPU.ActiveCfg = Debug|Any CPU
		{4D4201AE-EE12-4C64-B564-C998CF6B95B3}.Debug|Any CPU.Build.0 = Debug|Any CPU
		{4D4201AE-EE12-4C64-B564-C998CF6B95B3}.Release|Any CPU.ActiveCfg = Release|Any CPU
		{4D4201AE-EE12-4C64-B564-C998CF6B95B3}.Release|Any CPU.Build.0 = Release|Any CPU
		{011ED013-B5C6-478A-B16F-5A4FA3327AC2}.Debug|Any CPU.ActiveCfg = Debug|Any CPU
		{011ED013-B5C6-478A-B16F-5A4FA3327AC2}.Debug|Any CPU.Build.0 = Debug|Any CPU
		{011ED013-B5C6-478A-B16F-5A4FA3327AC2}.Release|Any CPU.ActiveCfg = Release|Any CPU
		{011ED013-B5C6-478A-B16F-5A4FA3327AC2}.Release|Any CPU.Build.0 = Release|Any CPU
		{919FCA07-206A-4156-B967-1373B6BCD406}.Debug|Any CPU.ActiveCfg = Debug|Any CPU
		{919FCA07-206A-4156-B967-1373B6BCD406}.Debug|Any CPU.Build.0 = Debug|Any CPU
		{919FCA07-206A-4156-B967-1373B6BCD406}.Release|Any CPU.ActiveCfg = Release|Any CPU
		{919FCA07-206A-4156-B967-1373B6BCD406}.Release|Any CPU.Build.0 = Release|Any CPU
		{912C0DAF-C955-4E22-A029-2BACB37F1DCE}.Debug|Any CPU.ActiveCfg = Debug|Any CPU
		{912C0DAF-C955-4E22-A029-2BACB37F1DCE}.Debug|Any CPU.Build.0 = Debug|Any CPU
		{912C0DAF-C955-4E22-A029-2BACB37F1DCE}.Release|Any CPU.ActiveCfg = Release|Any CPU
		{912C0DAF-C955-4E22-A029-2BACB37F1DCE}.Release|Any CPU.Build.0 = Release|Any CPU
	EndGlobalSection
	GlobalSection(SolutionProperties) = preSolution
		HideSolutionNode = FALSE
	EndGlobalSection
	GlobalSection(NestedProjects) = preSolution
		{4D4201AE-EE12-4C64-B564-C998CF6B95B3} = {47F09CB0-E97B-4B28-85D3-350B0EB0E2DF}
		{011ED013-B5C6-478A-B16F-5A4FA3327AC2} = {47F09CB0-E97B-4B28-85D3-350B0EB0E2DF}
		{919FCA07-206A-4156-B967-1373B6BCD406} = {751A1922-5CE9-4792-8D66-1B1A042D53F9}
		{912C0DAF-C955-4E22-A029-2BACB37F1DCE} = {751A1922-5CE9-4792-8D66-1B1A042D53F9}
	EndGlobalSection
EndGlobal
