
Microsoft Visual Studio Solution File, Format Version 12.00
# Visual Studio Version 16
VisualStudioVersion = 16.0.29102.190
MinimumVisualStudioVersion = 10.0.40219.1
Project("{2150E333-8FDC-42A3-9474-1A3956D46DE8}") = "src", "src", "{47F09CB0-E97B-4B28-85D3-350B0EB0E2DF}"
EndProject
Project("{2150E333-8FDC-42A3-9474-1A3956D46DE8}") = "Solution Items", "Solution Items", "{1BCE7835-8C4D-4DEA-8857-C80220E9FCE5}"
	ProjectSection(SolutionItems) = preProject
		global.json = global.json
		testsettings.runsettings = testsettings.runsettings
		vigil.snk = vigil.snk
	EndProjectSection
EndProject
Project("{2150E333-8FDC-42A3-9474-1A3956D46DE8}") = "test", "test", "{751A1922-5CE9-4792-8D66-1B1A042D53F9}"
EndProject
Project("{2150E333-8FDC-42A3-9474-1A3956D46DE8}") = "env", "env", "{5FDEE3F1-B155-4098-A093-04A4D78A440B}"
EndProject
Project("{9A19103F-16F7-4668-BE54-9A1E7A4F7556}") = "Vigil.Domain", "src\Vigil.Domain\Vigil.Domain.csproj", "{AB53341A-F8F7-4951-896D-24AD5E39E459}"
EndProject
Project("{9A19103F-16F7-4668-BE54-9A1E7A4F7556}") = "Vigil.Patrons", "src\Vigil.Patrons\Vigil.Patrons.csproj", "{1EBF72DA-3C35-4EA5-803D-0CB5643DE721}"
EndProject
Project("{9A19103F-16F7-4668-BE54-9A1E7A4F7556}") = "Vigil.Domain.Tests", "test\Vigil.Domain.Tests\Vigil.Domain.Tests.csproj", "{AE174F05-D38B-4216-A857-F392D4476B7E}"
EndProject
Project("{9A19103F-16F7-4668-BE54-9A1E7A4F7556}") = "Vigil.Patrons.Tests", "test\Vigil.Patrons.Tests\Vigil.Patrons.Tests.csproj", "{BC0767EB-59B1-4BCE-99C4-89366F79C083}"
EndProject
Project("{9A19103F-16F7-4668-BE54-9A1E7A4F7556}") = "Vigil.WebApi", "src\Vigil.WebApi\Vigil.WebApi.csproj", "{8C617182-1423-4D7E-A86C-1514002543AE}"
EndProject
Project("{9A19103F-16F7-4668-BE54-9A1E7A4F7556}") = "Vigil.Sql", "env\Vigil.Sql\Vigil.Sql.csproj", "{0855BEDF-3715-4A0C-86C5-87E17668880B}"
EndProject
Project("{9A19103F-16F7-4668-BE54-9A1E7A4F7556}") = "Vigil.WebApi.Tests", "test\Vigil.WebApi.Tests\Vigil.WebApi.Tests.csproj", "{AFE2F3E8-B033-41FF-83C0-1D10D45882D3}"
EndProject
Project("{9A19103F-16F7-4668-BE54-9A1E7A4F7556}") = "Vigil.Azure", "env\Vigil.Azure\Vigil.Azure.csproj", "{D2810F9C-81C7-4A57-8836-FAEA71CF1313}"
EndProject
Project("{FAE04EC0-301F-11D3-BF4B-00C04F79EFBC}") = "Vigil.Framework", "src\Vigil.Framework\Vigil.Framework.csproj", "{86A567FD-5175-4BAF-92E6-9BD8D5F2AB30}"
EndProject
Global
	GlobalSection(SolutionConfigurationPlatforms) = preSolution
		Debug|Any CPU = Debug|Any CPU
		Debug|x64 = Debug|x64
		Debug|x86 = Debug|x86
		Release|Any CPU = Release|Any CPU
		Release|x64 = Release|x64
		Release|x86 = Release|x86
	EndGlobalSection
	GlobalSection(ProjectConfigurationPlatforms) = postSolution
		{AB53341A-F8F7-4951-896D-24AD5E39E459}.Debug|Any CPU.ActiveCfg = Debug|Any CPU
		{AB53341A-F8F7-4951-896D-24AD5E39E459}.Debug|Any CPU.Build.0 = Debug|Any CPU
		{AB53341A-F8F7-4951-896D-24AD5E39E459}.Debug|x64.ActiveCfg = Debug|Any CPU
		{AB53341A-F8F7-4951-896D-24AD5E39E459}.Debug|x64.Build.0 = Debug|Any CPU
		{AB53341A-F8F7-4951-896D-24AD5E39E459}.Debug|x86.ActiveCfg = Debug|Any CPU
		{AB53341A-F8F7-4951-896D-24AD5E39E459}.Debug|x86.Build.0 = Debug|Any CPU
		{AB53341A-F8F7-4951-896D-24AD5E39E459}.Release|Any CPU.ActiveCfg = Release|Any CPU
		{AB53341A-F8F7-4951-896D-24AD5E39E459}.Release|Any CPU.Build.0 = Release|Any CPU
		{AB53341A-F8F7-4951-896D-24AD5E39E459}.Release|x64.ActiveCfg = Release|Any CPU
		{AB53341A-F8F7-4951-896D-24AD5E39E459}.Release|x64.Build.0 = Release|Any CPU
		{AB53341A-F8F7-4951-896D-24AD5E39E459}.Release|x86.ActiveCfg = Release|Any CPU
		{AB53341A-F8F7-4951-896D-24AD5E39E459}.Release|x86.Build.0 = Release|Any CPU
		{1EBF72DA-3C35-4EA5-803D-0CB5643DE721}.Debug|Any CPU.ActiveCfg = Debug|Any CPU
		{1EBF72DA-3C35-4EA5-803D-0CB5643DE721}.Debug|Any CPU.Build.0 = Debug|Any CPU
		{1EBF72DA-3C35-4EA5-803D-0CB5643DE721}.Debug|x64.ActiveCfg = Debug|Any CPU
		{1EBF72DA-3C35-4EA5-803D-0CB5643DE721}.Debug|x64.Build.0 = Debug|Any CPU
		{1EBF72DA-3C35-4EA5-803D-0CB5643DE721}.Debug|x86.ActiveCfg = Debug|Any CPU
		{1EBF72DA-3C35-4EA5-803D-0CB5643DE721}.Debug|x86.Build.0 = Debug|Any CPU
		{1EBF72DA-3C35-4EA5-803D-0CB5643DE721}.Release|Any CPU.ActiveCfg = Release|Any CPU
		{1EBF72DA-3C35-4EA5-803D-0CB5643DE721}.Release|Any CPU.Build.0 = Release|Any CPU
		{1EBF72DA-3C35-4EA5-803D-0CB5643DE721}.Release|x64.ActiveCfg = Release|Any CPU
		{1EBF72DA-3C35-4EA5-803D-0CB5643DE721}.Release|x64.Build.0 = Release|Any CPU
		{1EBF72DA-3C35-4EA5-803D-0CB5643DE721}.Release|x86.ActiveCfg = Release|Any CPU
		{1EBF72DA-3C35-4EA5-803D-0CB5643DE721}.Release|x86.Build.0 = Release|Any CPU
		{AE174F05-D38B-4216-A857-F392D4476B7E}.Debug|Any CPU.ActiveCfg = Debug|Any CPU
		{AE174F05-D38B-4216-A857-F392D4476B7E}.Debug|Any CPU.Build.0 = Debug|Any CPU
		{AE174F05-D38B-4216-A857-F392D4476B7E}.Debug|x64.ActiveCfg = Debug|Any CPU
		{AE174F05-D38B-4216-A857-F392D4476B7E}.Debug|x64.Build.0 = Debug|Any CPU
		{AE174F05-D38B-4216-A857-F392D4476B7E}.Debug|x86.ActiveCfg = Debug|Any CPU
		{AE174F05-D38B-4216-A857-F392D4476B7E}.Debug|x86.Build.0 = Debug|Any CPU
		{AE174F05-D38B-4216-A857-F392D4476B7E}.Release|Any CPU.ActiveCfg = Release|Any CPU
		{AE174F05-D38B-4216-A857-F392D4476B7E}.Release|Any CPU.Build.0 = Release|Any CPU
		{AE174F05-D38B-4216-A857-F392D4476B7E}.Release|x64.ActiveCfg = Release|Any CPU
		{AE174F05-D38B-4216-A857-F392D4476B7E}.Release|x64.Build.0 = Release|Any CPU
		{AE174F05-D38B-4216-A857-F392D4476B7E}.Release|x86.ActiveCfg = Release|Any CPU
		{AE174F05-D38B-4216-A857-F392D4476B7E}.Release|x86.Build.0 = Release|Any CPU
		{BC0767EB-59B1-4BCE-99C4-89366F79C083}.Debug|Any CPU.ActiveCfg = Debug|Any CPU
		{BC0767EB-59B1-4BCE-99C4-89366F79C083}.Debug|Any CPU.Build.0 = Debug|Any CPU
		{BC0767EB-59B1-4BCE-99C4-89366F79C083}.Debug|x64.ActiveCfg = Debug|Any CPU
		{BC0767EB-59B1-4BCE-99C4-89366F79C083}.Debug|x64.Build.0 = Debug|Any CPU
		{BC0767EB-59B1-4BCE-99C4-89366F79C083}.Debug|x86.ActiveCfg = Debug|Any CPU
		{BC0767EB-59B1-4BCE-99C4-89366F79C083}.Debug|x86.Build.0 = Debug|Any CPU
		{BC0767EB-59B1-4BCE-99C4-89366F79C083}.Release|Any CPU.ActiveCfg = Release|Any CPU
		{BC0767EB-59B1-4BCE-99C4-89366F79C083}.Release|Any CPU.Build.0 = Release|Any CPU
		{BC0767EB-59B1-4BCE-99C4-89366F79C083}.Release|x64.ActiveCfg = Release|Any CPU
		{BC0767EB-59B1-4BCE-99C4-89366F79C083}.Release|x64.Build.0 = Release|Any CPU
		{BC0767EB-59B1-4BCE-99C4-89366F79C083}.Release|x86.ActiveCfg = Release|Any CPU
		{BC0767EB-59B1-4BCE-99C4-89366F79C083}.Release|x86.Build.0 = Release|Any CPU
		{8C617182-1423-4D7E-A86C-1514002543AE}.Debug|Any CPU.ActiveCfg = Debug|Any CPU
		{8C617182-1423-4D7E-A86C-1514002543AE}.Debug|Any CPU.Build.0 = Debug|Any CPU
		{8C617182-1423-4D7E-A86C-1514002543AE}.Debug|x64.ActiveCfg = Debug|Any CPU
		{8C617182-1423-4D7E-A86C-1514002543AE}.Debug|x64.Build.0 = Debug|Any CPU
		{8C617182-1423-4D7E-A86C-1514002543AE}.Debug|x86.ActiveCfg = Debug|Any CPU
		{8C617182-1423-4D7E-A86C-1514002543AE}.Debug|x86.Build.0 = Debug|Any CPU
		{8C617182-1423-4D7E-A86C-1514002543AE}.Release|Any CPU.ActiveCfg = Release|Any CPU
		{8C617182-1423-4D7E-A86C-1514002543AE}.Release|Any CPU.Build.0 = Release|Any CPU
		{8C617182-1423-4D7E-A86C-1514002543AE}.Release|x64.ActiveCfg = Release|Any CPU
		{8C617182-1423-4D7E-A86C-1514002543AE}.Release|x64.Build.0 = Release|Any CPU
		{8C617182-1423-4D7E-A86C-1514002543AE}.Release|x86.ActiveCfg = Release|Any CPU
		{8C617182-1423-4D7E-A86C-1514002543AE}.Release|x86.Build.0 = Release|Any CPU
		{0855BEDF-3715-4A0C-86C5-87E17668880B}.Debug|Any CPU.ActiveCfg = Debug|Any CPU
		{0855BEDF-3715-4A0C-86C5-87E17668880B}.Debug|Any CPU.Build.0 = Debug|Any CPU
		{0855BEDF-3715-4A0C-86C5-87E17668880B}.Debug|x64.ActiveCfg = Debug|Any CPU
		{0855BEDF-3715-4A0C-86C5-87E17668880B}.Debug|x64.Build.0 = Debug|Any CPU
		{0855BEDF-3715-4A0C-86C5-87E17668880B}.Debug|x86.ActiveCfg = Debug|Any CPU
		{0855BEDF-3715-4A0C-86C5-87E17668880B}.Debug|x86.Build.0 = Debug|Any CPU
		{0855BEDF-3715-4A0C-86C5-87E17668880B}.Release|Any CPU.ActiveCfg = Release|Any CPU
		{0855BEDF-3715-4A0C-86C5-87E17668880B}.Release|Any CPU.Build.0 = Release|Any CPU
		{0855BEDF-3715-4A0C-86C5-87E17668880B}.Release|x64.ActiveCfg = Release|Any CPU
		{0855BEDF-3715-4A0C-86C5-87E17668880B}.Release|x64.Build.0 = Release|Any CPU
		{0855BEDF-3715-4A0C-86C5-87E17668880B}.Release|x86.ActiveCfg = Release|Any CPU
		{0855BEDF-3715-4A0C-86C5-87E17668880B}.Release|x86.Build.0 = Release|Any CPU
		{AFE2F3E8-B033-41FF-83C0-1D10D45882D3}.Debug|Any CPU.ActiveCfg = Debug|Any CPU
		{AFE2F3E8-B033-41FF-83C0-1D10D45882D3}.Debug|Any CPU.Build.0 = Debug|Any CPU
		{AFE2F3E8-B033-41FF-83C0-1D10D45882D3}.Debug|x64.ActiveCfg = Debug|Any CPU
		{AFE2F3E8-B033-41FF-83C0-1D10D45882D3}.Debug|x64.Build.0 = Debug|Any CPU
		{AFE2F3E8-B033-41FF-83C0-1D10D45882D3}.Debug|x86.ActiveCfg = Debug|Any CPU
		{AFE2F3E8-B033-41FF-83C0-1D10D45882D3}.Debug|x86.Build.0 = Debug|Any CPU
		{AFE2F3E8-B033-41FF-83C0-1D10D45882D3}.Release|Any CPU.ActiveCfg = Release|Any CPU
		{AFE2F3E8-B033-41FF-83C0-1D10D45882D3}.Release|Any CPU.Build.0 = Release|Any CPU
		{AFE2F3E8-B033-41FF-83C0-1D10D45882D3}.Release|x64.ActiveCfg = Release|Any CPU
		{AFE2F3E8-B033-41FF-83C0-1D10D45882D3}.Release|x64.Build.0 = Release|Any CPU
		{AFE2F3E8-B033-41FF-83C0-1D10D45882D3}.Release|x86.ActiveCfg = Release|Any CPU
		{AFE2F3E8-B033-41FF-83C0-1D10D45882D3}.Release|x86.Build.0 = Release|Any CPU
		{D2810F9C-81C7-4A57-8836-FAEA71CF1313}.Debug|Any CPU.ActiveCfg = Debug|Any CPU
		{D2810F9C-81C7-4A57-8836-FAEA71CF1313}.Debug|Any CPU.Build.0 = Debug|Any CPU
		{D2810F9C-81C7-4A57-8836-FAEA71CF1313}.Debug|x64.ActiveCfg = Debug|Any CPU
		{D2810F9C-81C7-4A57-8836-FAEA71CF1313}.Debug|x64.Build.0 = Debug|Any CPU
		{D2810F9C-81C7-4A57-8836-FAEA71CF1313}.Debug|x86.ActiveCfg = Debug|Any CPU
		{D2810F9C-81C7-4A57-8836-FAEA71CF1313}.Debug|x86.Build.0 = Debug|Any CPU
		{D2810F9C-81C7-4A57-8836-FAEA71CF1313}.Release|Any CPU.ActiveCfg = Release|Any CPU
		{D2810F9C-81C7-4A57-8836-FAEA71CF1313}.Release|Any CPU.Build.0 = Release|Any CPU
		{D2810F9C-81C7-4A57-8836-FAEA71CF1313}.Release|x64.ActiveCfg = Release|Any CPU
		{D2810F9C-81C7-4A57-8836-FAEA71CF1313}.Release|x64.Build.0 = Release|Any CPU
		{D2810F9C-81C7-4A57-8836-FAEA71CF1313}.Release|x86.ActiveCfg = Release|Any CPU
		{D2810F9C-81C7-4A57-8836-FAEA71CF1313}.Release|x86.Build.0 = Release|Any CPU
		{86A567FD-5175-4BAF-92E6-9BD8D5F2AB30}.Debug|Any CPU.ActiveCfg = Debug|Any CPU
		{86A567FD-5175-4BAF-92E6-9BD8D5F2AB30}.Debug|Any CPU.Build.0 = Debug|Any CPU
		{86A567FD-5175-4BAF-92E6-9BD8D5F2AB30}.Debug|x64.ActiveCfg = Debug|Any CPU
		{86A567FD-5175-4BAF-92E6-9BD8D5F2AB30}.Debug|x64.Build.0 = Debug|Any CPU
		{86A567FD-5175-4BAF-92E6-9BD8D5F2AB30}.Debug|x86.ActiveCfg = Debug|Any CPU
		{86A567FD-5175-4BAF-92E6-9BD8D5F2AB30}.Debug|x86.Build.0 = Debug|Any CPU
		{86A567FD-5175-4BAF-92E6-9BD8D5F2AB30}.Release|Any CPU.ActiveCfg = Release|Any CPU
		{86A567FD-5175-4BAF-92E6-9BD8D5F2AB30}.Release|Any CPU.Build.0 = Release|Any CPU
		{86A567FD-5175-4BAF-92E6-9BD8D5F2AB30}.Release|x64.ActiveCfg = Release|Any CPU
		{86A567FD-5175-4BAF-92E6-9BD8D5F2AB30}.Release|x64.Build.0 = Release|Any CPU
		{86A567FD-5175-4BAF-92E6-9BD8D5F2AB30}.Release|x86.ActiveCfg = Release|Any CPU
		{86A567FD-5175-4BAF-92E6-9BD8D5F2AB30}.Release|x86.Build.0 = Release|Any CPU
	EndGlobalSection
	GlobalSection(SolutionProperties) = preSolution
		HideSolutionNode = FALSE
	EndGlobalSection
	GlobalSection(NestedProjects) = preSolution
		{AB53341A-F8F7-4951-896D-24AD5E39E459} = {47F09CB0-E97B-4B28-85D3-350B0EB0E2DF}
		{1EBF72DA-3C35-4EA5-803D-0CB5643DE721} = {47F09CB0-E97B-4B28-85D3-350B0EB0E2DF}
		{AE174F05-D38B-4216-A857-F392D4476B7E} = {751A1922-5CE9-4792-8D66-1B1A042D53F9}
		{BC0767EB-59B1-4BCE-99C4-89366F79C083} = {751A1922-5CE9-4792-8D66-1B1A042D53F9}
		{8C617182-1423-4D7E-A86C-1514002543AE} = {47F09CB0-E97B-4B28-85D3-350B0EB0E2DF}
		{0855BEDF-3715-4A0C-86C5-87E17668880B} = {5FDEE3F1-B155-4098-A093-04A4D78A440B}
		{AFE2F3E8-B033-41FF-83C0-1D10D45882D3} = {751A1922-5CE9-4792-8D66-1B1A042D53F9}
		{D2810F9C-81C7-4A57-8836-FAEA71CF1313} = {5FDEE3F1-B155-4098-A093-04A4D78A440B}
		{86A567FD-5175-4BAF-92E6-9BD8D5F2AB30} = {47F09CB0-E97B-4B28-85D3-350B0EB0E2DF}
	EndGlobalSection
	GlobalSection(ExtensibilityGlobals) = postSolution
		SolutionGuid = {D1E3C1AA-F0C0-4A9A-8941-96B531BBF6DC}
	EndGlobalSection
EndGlobal
