
Microsoft Visual Studio Solution File, Format Version 12.00
# Visual Studio 2013
VisualStudioVersion = 12.0.31101.0
MinimumVisualStudioVersion = 10.0.40219.1
Project("{2150E333-8FDC-42A3-9474-1A3956D46DE8}") = "Vigil Data", "Vigil Data", "{F6BA71D2-01D8-4C33-8542-45B13A2CD5A0}"
EndProject
Project("{FAE04EC0-301F-11D3-BF4B-00C04F79EFBC}") = "Vigil.Data.Core", "..\Vigil.Data\Vigil.Data.Core\Vigil.Data.Core.csproj", "{19D5BC74-A409-435A-9DD0-18AC8346FF3B}"
EndProject
Project("{FAE04EC0-301F-11D3-BF4B-00C04F79EFBC}") = "Vigil.Data.Modeling", "..\Vigil.Data\Vigil.Data.Modeling\Vigil.Data.Modeling.csproj", "{D6F9B9C3-7537-448D-A2B2-3FFC13CF95EA}"
EndProject
Project("{FAE04EC0-301F-11D3-BF4B-00C04F79EFBC}") = "Vigil.Data.Services", "..\Vigil.Data\Vigil.Data.Services\Vigil.Data.Services.csproj", "{12290054-BB9A-41F2-97E1-F6D64FFE36E7}"
EndProject
Project("{FAE04EC0-301F-11D3-BF4B-00C04F79EFBC}") = "Vigil.Testing.Data", "..\Vigil.Data\Vigil.Testing.Data\Vigil.Testing.Data.csproj", "{DF5B52C3-6153-4984-B75A-F314C30C5E8E}"
EndProject
Project("{2150E333-8FDC-42A3-9474-1A3956D46DE8}") = "Vigil Identity", "Vigil Identity", "{BB9E0097-D1C2-4B03-8D60-F2CA4A43F24F}"
EndProject
Project("{FAE04EC0-301F-11D3-BF4B-00C04F79EFBC}") = "Vigil.Identity.Model", "..\Vigil.Identity\Vigil.Identity.Model\Vigil.Identity.Model.csproj", "{BEFE3D30-E2CD-4ED5-B749-B0DD92B883CF}"
EndProject
Project("{FAE04EC0-301F-11D3-BF4B-00C04F79EFBC}") = "Vigil.Testing.Identity", "..\Vigil.Identity\Vigil.Testing.Identity\Vigil.Testing.Identity.csproj", "{10832EE5-1D5C-4D7C-A2D8-C16A5D06548D}"
EndProject
Project("{2150E333-8FDC-42A3-9474-1A3956D46DE8}") = "Vigil Web", "Vigil Web", "{49871C20-88F1-49EF-BCF0-5071F4C0D2D8}"
EndProject
Project("{2150E333-8FDC-42A3-9474-1A3956D46DE8}") = ".nuget", ".nuget", "{B4FDF4B0-12F1-4EE9-8E75-5E5146FC7EC3}"
	ProjectSection(SolutionItems) = preProject
		.nuget\NuGet.Config = .nuget\NuGet.Config
		.nuget\NuGet.exe = .nuget\NuGet.exe
		.nuget\NuGet.targets = .nuget\NuGet.targets
	EndProjectSection
EndProject
Project("{FAE04EC0-301F-11D3-BF4B-00C04F79EFBC}") = "Vigil.Web", "..\Vigil.Web\Vigil.Web.csproj", "{B6B6C07C-AA2C-43A2-BCC9-D4F86E90951A}"
EndProject
Project("{FAE04EC0-301F-11D3-BF4B-00C04F79EFBC}") = "Vigil.Testing.Web", "Vigil.Testing.Web\Vigil.Testing.Web.csproj", "{6E509972-C128-44D6-9257-65172888CD79}"
EndProject
Global
	GlobalSection(SolutionConfigurationPlatforms) = preSolution
		Debug|Any CPU = Debug|Any CPU
		Release|Any CPU = Release|Any CPU
	EndGlobalSection
	GlobalSection(ProjectConfigurationPlatforms) = postSolution
		{19D5BC74-A409-435A-9DD0-18AC8346FF3B}.Debug|Any CPU.ActiveCfg = Debug|Any CPU
		{19D5BC74-A409-435A-9DD0-18AC8346FF3B}.Debug|Any CPU.Build.0 = Debug|Any CPU
		{19D5BC74-A409-435A-9DD0-18AC8346FF3B}.Release|Any CPU.ActiveCfg = Release|Any CPU
		{19D5BC74-A409-435A-9DD0-18AC8346FF3B}.Release|Any CPU.Build.0 = Release|Any CPU
		{D6F9B9C3-7537-448D-A2B2-3FFC13CF95EA}.Debug|Any CPU.ActiveCfg = Debug|Any CPU
		{D6F9B9C3-7537-448D-A2B2-3FFC13CF95EA}.Debug|Any CPU.Build.0 = Debug|Any CPU
		{D6F9B9C3-7537-448D-A2B2-3FFC13CF95EA}.Release|Any CPU.ActiveCfg = Release|Any CPU
		{D6F9B9C3-7537-448D-A2B2-3FFC13CF95EA}.Release|Any CPU.Build.0 = Release|Any CPU
		{12290054-BB9A-41F2-97E1-F6D64FFE36E7}.Debug|Any CPU.ActiveCfg = Debug|Any CPU
		{12290054-BB9A-41F2-97E1-F6D64FFE36E7}.Debug|Any CPU.Build.0 = Debug|Any CPU
		{12290054-BB9A-41F2-97E1-F6D64FFE36E7}.Release|Any CPU.ActiveCfg = Release|Any CPU
		{12290054-BB9A-41F2-97E1-F6D64FFE36E7}.Release|Any CPU.Build.0 = Release|Any CPU
		{DF5B52C3-6153-4984-B75A-F314C30C5E8E}.Debug|Any CPU.ActiveCfg = Debug|Any CPU
		{DF5B52C3-6153-4984-B75A-F314C30C5E8E}.Debug|Any CPU.Build.0 = Debug|Any CPU
		{DF5B52C3-6153-4984-B75A-F314C30C5E8E}.Release|Any CPU.ActiveCfg = Release|Any CPU
		{DF5B52C3-6153-4984-B75A-F314C30C5E8E}.Release|Any CPU.Build.0 = Release|Any CPU
		{BEFE3D30-E2CD-4ED5-B749-B0DD92B883CF}.Debug|Any CPU.ActiveCfg = Debug|Any CPU
		{BEFE3D30-E2CD-4ED5-B749-B0DD92B883CF}.Debug|Any CPU.Build.0 = Debug|Any CPU
		{BEFE3D30-E2CD-4ED5-B749-B0DD92B883CF}.Release|Any CPU.ActiveCfg = Release|Any CPU
		{BEFE3D30-E2CD-4ED5-B749-B0DD92B883CF}.Release|Any CPU.Build.0 = Release|Any CPU
		{10832EE5-1D5C-4D7C-A2D8-C16A5D06548D}.Debug|Any CPU.ActiveCfg = Debug|Any CPU
		{10832EE5-1D5C-4D7C-A2D8-C16A5D06548D}.Debug|Any CPU.Build.0 = Debug|Any CPU
		{10832EE5-1D5C-4D7C-A2D8-C16A5D06548D}.Release|Any CPU.ActiveCfg = Release|Any CPU
		{10832EE5-1D5C-4D7C-A2D8-C16A5D06548D}.Release|Any CPU.Build.0 = Release|Any CPU
		{B6B6C07C-AA2C-43A2-BCC9-D4F86E90951A}.Debug|Any CPU.ActiveCfg = Debug|Any CPU
		{B6B6C07C-AA2C-43A2-BCC9-D4F86E90951A}.Debug|Any CPU.Build.0 = Debug|Any CPU
		{B6B6C07C-AA2C-43A2-BCC9-D4F86E90951A}.Release|Any CPU.ActiveCfg = Release|Any CPU
		{B6B6C07C-AA2C-43A2-BCC9-D4F86E90951A}.Release|Any CPU.Build.0 = Release|Any CPU
		{6E509972-C128-44D6-9257-65172888CD79}.Debug|Any CPU.ActiveCfg = Debug|Any CPU
		{6E509972-C128-44D6-9257-65172888CD79}.Debug|Any CPU.Build.0 = Debug|Any CPU
		{6E509972-C128-44D6-9257-65172888CD79}.Release|Any CPU.ActiveCfg = Release|Any CPU
		{6E509972-C128-44D6-9257-65172888CD79}.Release|Any CPU.Build.0 = Release|Any CPU
	EndGlobalSection
	GlobalSection(SolutionProperties) = preSolution
		HideSolutionNode = FALSE
	EndGlobalSection
	GlobalSection(NestedProjects) = preSolution
		{19D5BC74-A409-435A-9DD0-18AC8346FF3B} = {F6BA71D2-01D8-4C33-8542-45B13A2CD5A0}
		{D6F9B9C3-7537-448D-A2B2-3FFC13CF95EA} = {F6BA71D2-01D8-4C33-8542-45B13A2CD5A0}
		{12290054-BB9A-41F2-97E1-F6D64FFE36E7} = {F6BA71D2-01D8-4C33-8542-45B13A2CD5A0}
		{DF5B52C3-6153-4984-B75A-F314C30C5E8E} = {F6BA71D2-01D8-4C33-8542-45B13A2CD5A0}
		{BEFE3D30-E2CD-4ED5-B749-B0DD92B883CF} = {BB9E0097-D1C2-4B03-8D60-F2CA4A43F24F}
		{10832EE5-1D5C-4D7C-A2D8-C16A5D06548D} = {BB9E0097-D1C2-4B03-8D60-F2CA4A43F24F}
		{B6B6C07C-AA2C-43A2-BCC9-D4F86E90951A} = {49871C20-88F1-49EF-BCF0-5071F4C0D2D8}
		{6E509972-C128-44D6-9257-65172888CD79} = {49871C20-88F1-49EF-BCF0-5071F4C0D2D8}
	EndGlobalSection
EndGlobal
